
Microsoft Visual Studio Solution File, Format Version 12.00
# Visual Studio Version 17
VisualStudioVersion = 17.3.32929.385
MinimumVisualStudioVersion = 10.0.40219.1
Project("{8BC9CEB8-8B4A-11D0-8D11-00A0C91BC942}") = "onehundred", "onehundred\onehundred.vcxproj", "{64213179-2F9D-40CC-AF75-044F5148D904}"
EndProject
Global
	GlobalSection(SolutionConfigurationPlatforms) = preSolution
		Debug|x64 = Debug|x64
		Debug|x86 = Debug|x86
		Release|x64 = Release|x64
		Release|x86 = Release|x86
	EndGlobalSection
	GlobalSection(ProjectConfigurationPlatforms) = postSolution
		{64213179-2F9D-40CC-AF75-044F5148D904}.Debug|x64.ActiveCfg = Debug|x64
		{64213179-2F9D-40CC-AF75-044F5148D904}.Debug|x64.Build.0 = Debug|x64
		{64213179-2F9D-40CC-AF75-044F5148D904}.Debug|x86.ActiveCfg = Debug|Win32
		{64213179-2F9D-40CC-AF75-044F5148D904}.Debug|x86.Build.0 = Debug|Win32
		{64213179-2F9D-40CC-AF75-044F5148D904}.Release|x64.ActiveCfg = Release|x64
		{64213179-2F9D-40CC-AF75-044F5148D904}.Release|x64.Build.0 = Release|x64
		{64213179-2F9D-40CC-AF75-044F5148D904}.Release|x86.ActiveCfg = Release|Win32
		{64213179-2F9D-40CC-AF75-044F5148D904}.Release|x86.Build.0 = Release|Win32
	EndGlobalSection
	GlobalSection(SolutionProperties) = preSolution
		HideSolutionNode = FALSE
	EndGlobalSection
	GlobalSection(ExtensibilityGlobals) = postSolution
		SolutionGuid = {BDE61563-120F-4639-8683-E7EFFA101840}
	EndGlobalSection
EndGlobal
